
Microsoft Visual Studio Solution File, Format Version 12.00
# Visual Studio Version 17
VisualStudioVersion = 17.0.31903.59
MinimumVisualStudioVersion = 10.0.40219.1
Project("{2150E333-8FDC-42A3-9474-1A3956D46DE8}") = "src", "src", "{827E0CD3-B72D-47B6-A68D-7590B98EB39B}"
EndProject
Project("{FAE04EC0-301F-11D3-BF4B-00C04F79EFBC}") = "DistributedCarAuction.Domain", "src\DistributedCarAuction.Domain\DistributedCarAuction.Domain.csproj", "{6D930F08-6037-403E-BBBF-6E85351EE270}"
EndProject
Project("{FAE04EC0-301F-11D3-BF4B-00C04F79EFBC}") = "DistributedCarAuction.Application", "src\DistributedCarAuction.Application\DistributedCarAuction.Application.csproj", "{8A011C92-788A-4635-ACED-DCC493875DFC}"
EndProject
Project("{FAE04EC0-301F-11D3-BF4B-00C04F79EFBC}") = "DistributedCarAuction.Infrastructure", "src\DistributedCarAuction.Infrastructure\DistributedCarAuction.Infrastructure.csproj", "{4C7FA326-E113-4A39-9CDF-0C702D7FC96E}"
EndProject
Project("{FAE04EC0-301F-11D3-BF4B-00C04F79EFBC}") = "DistributedCarAuction.API", "src\DistributedCarAuction.API\DistributedCarAuction.API.csproj", "{3483F043-EC3A-496A-BD6C-7F967FAFE440}"
EndProject
Project("{2150E333-8FDC-42A3-9474-1A3956D46DE8}") = "tests", "tests", "{0AB3BF05-4346-4AA6-1389-037BE0695223}"
EndProject
Project("{FAE04EC0-301F-11D3-BF4B-00C04F79EFBC}") = "DistributedCarAuction.IntegrationTests", "tests\DistributedCarAuction.IntegrationTests\DistributedCarAuction.IntegrationTests.csproj", "{B73D6DDA-66EE-416E-BC84-534AE6170B77}"
EndProject
Project("{FAE04EC0-301F-11D3-BF4B-00C04F79EFBC}") = "DistributedCarAuction.UnitTests", "tests\DistributedCarAuction.UnitTests\DistributedCarAuction.UnitTests.csproj", "{0AAEBE31-810E-4604-89F7-99199E1FDB7C}"
EndProject
Global
	GlobalSection(SolutionConfigurationPlatforms) = preSolution
		Debug|Any CPU = Debug|Any CPU
		Debug|x64 = Debug|x64
		Debug|x86 = Debug|x86
		Release|Any CPU = Release|Any CPU
		Release|x64 = Release|x64
		Release|x86 = Release|x86
	EndGlobalSection
	GlobalSection(ProjectConfigurationPlatforms) = postSolution
		{6D930F08-6037-403E-BBBF-6E85351EE270}.Debug|Any CPU.ActiveCfg = Debug|Any CPU
		{6D930F08-6037-403E-BBBF-6E85351EE270}.Debug|Any CPU.Build.0 = Debug|Any CPU
		{6D930F08-6037-403E-BBBF-6E85351EE270}.Debug|x64.ActiveCfg = Debug|Any CPU
		{6D930F08-6037-403E-BBBF-6E85351EE270}.Debug|x64.Build.0 = Debug|Any CPU
		{6D930F08-6037-403E-BBBF-6E85351EE270}.Debug|x86.ActiveCfg = Debug|Any CPU
		{6D930F08-6037-403E-BBBF-6E85351EE270}.Debug|x86.Build.0 = Debug|Any CPU
		{6D930F08-6037-403E-BBBF-6E85351EE270}.Release|Any CPU.ActiveCfg = Release|Any CPU
		{6D930F08-6037-403E-BBBF-6E85351EE270}.Release|Any CPU.Build.0 = Release|Any CPU
		{6D930F08-6037-403E-BBBF-6E85351EE270}.Release|x64.ActiveCfg = Release|Any CPU
		{6D930F08-6037-403E-BBBF-6E85351EE270}.Release|x64.Build.0 = Release|Any CPU
		{6D930F08-6037-403E-BBBF-6E85351EE270}.Release|x86.ActiveCfg = Release|Any CPU
		{6D930F08-6037-403E-BBBF-6E85351EE270}.Release|x86.Build.0 = Release|Any CPU
		{8A011C92-788A-4635-ACED-DCC493875DFC}.Debug|Any CPU.ActiveCfg = Debug|Any CPU
		{8A011C92-788A-4635-ACED-DCC493875DFC}.Debug|Any CPU.Build.0 = Debug|Any CPU
		{8A011C92-788A-4635-ACED-DCC493875DFC}.Debug|x64.ActiveCfg = Debug|Any CPU
		{8A011C92-788A-4635-ACED-DCC493875DFC}.Debug|x64.Build.0 = Debug|Any CPU
		{8A011C92-788A-4635-ACED-DCC493875DFC}.Debug|x86.ActiveCfg = Debug|Any CPU
		{8A011C92-788A-4635-ACED-DCC493875DFC}.Debug|x86.Build.0 = Debug|Any CPU
		{8A011C92-788A-4635-ACED-DCC493875DFC}.Release|Any CPU.ActiveCfg = Release|Any CPU
		{8A011C92-788A-4635-ACED-DCC493875DFC}.Release|Any CPU.Build.0 = Release|Any CPU
		{8A011C92-788A-4635-ACED-DCC493875DFC}.Release|x64.ActiveCfg = Release|Any CPU
		{8A011C92-788A-4635-ACED-DCC493875DFC}.Release|x64.Build.0 = Release|Any CPU
		{8A011C92-788A-4635-ACED-DCC493875DFC}.Release|x86.ActiveCfg = Release|Any CPU
		{8A011C92-788A-4635-ACED-DCC493875DFC}.Release|x86.Build.0 = Release|Any CPU
		{4C7FA326-E113-4A39-9CDF-0C702D7FC96E}.Debug|Any CPU.ActiveCfg = Debug|Any CPU
		{4C7FA326-E113-4A39-9CDF-0C702D7FC96E}.Debug|Any CPU.Build.0 = Debug|Any CPU
		{4C7FA326-E113-4A39-9CDF-0C702D7FC96E}.Debug|x64.ActiveCfg = Debug|Any CPU
		{4C7FA326-E113-4A39-9CDF-0C702D7FC96E}.Debug|x64.Build.0 = Debug|Any CPU
		{4C7FA326-E113-4A39-9CDF-0C702D7FC96E}.Debug|x86.ActiveCfg = Debug|Any CPU
		{4C7FA326-E113-4A39-9CDF-0C702D7FC96E}.Debug|x86.Build.0 = Debug|Any CPU
		{4C7FA326-E113-4A39-9CDF-0C702D7FC96E}.Release|Any CPU.ActiveCfg = Release|Any CPU
		{4C7FA326-E113-4A39-9CDF-0C702D7FC96E}.Release|Any CPU.Build.0 = Release|Any CPU
		{4C7FA326-E113-4A39-9CDF-0C702D7FC96E}.Release|x64.ActiveCfg = Release|Any CPU
		{4C7FA326-E113-4A39-9CDF-0C702D7FC96E}.Release|x64.Build.0 = Release|Any CPU
		{4C7FA326-E113-4A39-9CDF-0C702D7FC96E}.Release|x86.ActiveCfg = Release|Any CPU
		{4C7FA326-E113-4A39-9CDF-0C702D7FC96E}.Release|x86.Build.0 = Release|Any CPU
		{3483F043-EC3A-496A-BD6C-7F967FAFE440}.Debug|Any CPU.ActiveCfg = Debug|Any CPU
		{3483F043-EC3A-496A-BD6C-7F967FAFE440}.Debug|Any CPU.Build.0 = Debug|Any CPU
		{3483F043-EC3A-496A-BD6C-7F967FAFE440}.Debug|x64.ActiveCfg = Debug|Any CPU
		{3483F043-EC3A-496A-BD6C-7F967FAFE440}.Debug|x64.Build.0 = Debug|Any CPU
		{3483F043-EC3A-496A-BD6C-7F967FAFE440}.Debug|x86.ActiveCfg = Debug|Any CPU
		{3483F043-EC3A-496A-BD6C-7F967FAFE440}.Debug|x86.Build.0 = Debug|Any CPU
		{3483F043-EC3A-496A-BD6C-7F967FAFE440}.Release|Any CPU.ActiveCfg = Release|Any CPU
		{3483F043-EC3A-496A-BD6C-7F967FAFE440}.Release|Any CPU.Build.0 = Release|Any CPU
		{3483F043-EC3A-496A-BD6C-7F967FAFE440}.Release|x64.ActiveCfg = Release|Any CPU
		{3483F043-EC3A-496A-BD6C-7F967FAFE440}.Release|x64.Build.0 = Release|Any CPU
		{3483F043-EC3A-496A-BD6C-7F967FAFE440}.Release|x86.ActiveCfg = Release|Any CPU
		{3483F043-EC3A-496A-BD6C-7F967FAFE440}.Release|x86.Build.0 = Release|Any CPU
		{B73D6DDA-66EE-416E-BC84-534AE6170B77}.Debug|Any CPU.ActiveCfg = Debug|Any CPU
		{B73D6DDA-66EE-416E-BC84-534AE6170B77}.Debug|Any CPU.Build.0 = Debug|Any CPU
		{B73D6DDA-66EE-416E-BC84-534AE6170B77}.Debug|x64.ActiveCfg = Debug|Any CPU
		{B73D6DDA-66EE-416E-BC84-534AE6170B77}.Debug|x64.Build.0 = Debug|Any CPU
		{B73D6DDA-66EE-416E-BC84-534AE6170B77}.Debug|x86.ActiveCfg = Debug|Any CPU
		{B73D6DDA-66EE-416E-BC84-534AE6170B77}.Debug|x86.Build.0 = Debug|Any CPU
		{B73D6DDA-66EE-416E-BC84-534AE6170B77}.Release|Any CPU.ActiveCfg = Release|Any CPU
		{B73D6DDA-66EE-416E-BC84-534AE6170B77}.Release|Any CPU.Build.0 = Release|Any CPU
		{B73D6DDA-66EE-416E-BC84-534AE6170B77}.Release|x64.ActiveCfg = Release|Any CPU
		{B73D6DDA-66EE-416E-BC84-534AE6170B77}.Release|x64.Build.0 = Release|Any CPU
		{B73D6DDA-66EE-416E-BC84-534AE6170B77}.Release|x86.ActiveCfg = Release|Any CPU
		{B73D6DDA-66EE-416E-BC84-534AE6170B77}.Release|x86.Build.0 = Release|Any CPU
		{0AAEBE31-810E-4604-89F7-99199E1FDB7C}.Debug|Any CPU.ActiveCfg = Debug|Any CPU
		{0AAEBE31-810E-4604-89F7-99199E1FDB7C}.Debug|Any CPU.Build.0 = Debug|Any CPU
		{0AAEBE31-810E-4604-89F7-99199E1FDB7C}.Debug|x64.ActiveCfg = Debug|Any CPU
		{0AAEBE31-810E-4604-89F7-99199E1FDB7C}.Debug|x64.Build.0 = Debug|Any CPU
		{0AAEBE31-810E-4604-89F7-99199E1FDB7C}.Debug|x86.ActiveCfg = Debug|Any CPU
		{0AAEBE31-810E-4604-89F7-99199E1FDB7C}.Debug|x86.Build.0 = Debug|Any CPU
		{0AAEBE31-810E-4604-89F7-99199E1FDB7C}.Release|Any CPU.ActiveCfg = Release|Any CPU
		{0AAEBE31-810E-4604-89F7-99199E1FDB7C}.Release|Any CPU.Build.0 = Release|Any CPU
		{0AAEBE31-810E-4604-89F7-99199E1FDB7C}.Release|x64.ActiveCfg = Release|Any CPU
		{0AAEBE31-810E-4604-89F7-99199E1FDB7C}.Release|x64.Build.0 = Release|Any CPU
		{0AAEBE31-810E-4604-89F7-99199E1FDB7C}.Release|x86.ActiveCfg = Release|Any CPU
		{0AAEBE31-810E-4604-89F7-99199E1FDB7C}.Release|x86.Build.0 = Release|Any CPU
	EndGlobalSection
	GlobalSection(SolutionProperties) = preSolution
		HideSolutionNode = FALSE
	EndGlobalSection
	GlobalSection(NestedProjects) = preSolution
		{6D930F08-6037-403E-BBBF-6E85351EE270} = {827E0CD3-B72D-47B6-A68D-7590B98EB39B}
		{8A011C92-788A-4635-ACED-DCC493875DFC} = {827E0CD3-B72D-47B6-A68D-7590B98EB39B}
		{4C7FA326-E113-4A39-9CDF-0C702D7FC96E} = {827E0CD3-B72D-47B6-A68D-7590B98EB39B}
		{3483F043-EC3A-496A-BD6C-7F967FAFE440} = {827E0CD3-B72D-47B6-A68D-7590B98EB39B}
		{B73D6DDA-66EE-416E-BC84-534AE6170B77} = {0AB3BF05-4346-4AA6-1389-037BE0695223}
		{0AAEBE31-810E-4604-89F7-99199E1FDB7C} = {0AB3BF05-4346-4AA6-1389-037BE0695223}
	EndGlobalSection
	GlobalSection(ExtensibilityGlobals) = postSolution
		SolutionGuid = {B077FB5C-35FD-408C-8416-7195EF684488}
	EndGlobalSection
EndGlobal
